{
  "name": "autoclip",
  "lockfileVersion": 3,
  "requires": true,
  "packages": {
    "": {
      "dependencies": {
        "@tauri-apps/cli": "^2.0.0-rc.18"
      }
    },
    "node_modules/@tauri-apps/cli": {
      "version": "2.0.0-rc.18",
      "resolved": "https://registry.npmjs.org/@tauri-apps/cli/-/cli-2.0.0-rc.18.tgz",
      "integrity": "sha512-43PjSEISHI3uH2jyR7QlEJUv1yQYlCOvm5eEdadhHIooV5Dqjs6zkddwEJuHYRpSLI/IfiQ8VPBYrw/GfyvhCA==",
      "license": "Apache-2.0 OR MIT",
      "bin": {
        "tauri": "tauri.js"
      },
      "engines": {
        "node": ">= 10"
      },
      "funding": {
        "type": "opencollective",
        "url": "https://opencollective.com/tauri"
      },
      "optionalDependencies": {
        "@tauri-apps/cli-darwin-arm64": "2.0.0-rc.18",
        "@tauri-apps/cli-darwin-x64": "2.0.0-rc.18",
        "@tauri-apps/cli-linux-arm-gnueabihf": "2.0.0-rc.18",
        "@tauri-apps/cli-linux-arm64-gnu": "2.0.0-rc.18",
        "@tauri-apps/cli-linux-arm64-musl": "2.0.0-rc.18",
        "@tauri-apps/cli-linux-x64-gnu": "2.0.0-rc.18",
        "@tauri-apps/cli-linux-x64-musl": "2.0.0-rc.18",
        "@tauri-apps/cli-win32-arm64-msvc": "2.0.0-rc.18",
        "@tauri-apps/cli-win32-ia32-msvc": "2.0.0-rc.18",
        "@tauri-apps/cli-win32-x64-msvc": "2.0.0-rc.18"
      }
    },
    "node_modules/@tauri-apps/cli-darwin-arm64": {
      "version": "2.0.0-rc.18",
      "resolved": "https://registry.npmjs.org/@tauri-apps/cli-darwin-arm64/-/cli-darwin-arm64-2.0.0-rc.18.tgz",
      "integrity": "sha512-L2/VQ4q1pZyhqOifarVDJf/+JabU6DSUMj6979wXrUOOxmyfLCZaw5qGGsbirYOfxWMo+qcXEFRF411YIv9qWw==",
      "cpu": [
        "arm64"
      ],
      "license": "Apache-2.0 OR MIT",
      "optional": true,
      "os": [
        "darwin"
      ],
      "engines": {
        "node": ">= 10"
      }
    },
    "node_modules/@tauri-apps/cli-darwin-x64": {
      "version": "2.0.0-rc.18",
      "resolved": "https://registry.npmjs.org/@tauri-apps/cli-darwin-x64/-/cli-darwin-x64-2.0.0-rc.18.tgz",
      "integrity": "sha512-ri0NrRAh2CqejoKym67m9Devpqppnn4SrwWnuqV68oHXan3ibn2CeY+g3ygkb6Ch0v5ZcbxJEtop5fZwUTFH4w==",
      "cpu": [
        "x64"
      ],
      "license": "Apache-2.0 OR MIT",
      "optional": true,
      "os": [
        "darwin"
      ],
      "engines": {
        "node": ">= 10"
      }
    },
    "node_modules/@tauri-apps/cli-linux-arm-gnueabihf": {
      "version": "2.0.0-rc.18",
      "resolved": "https://registry.npmjs.org/@tauri-apps/cli-linux-arm-gnueabihf/-/cli-linux-arm-gnueabihf-2.0.0-rc.18.tgz",
      "integrity": "sha512-+dDZQIHXufqq3WVrKycudVeJa8xfRzIY2XHSYunWS5RMRx1PrcvLbZLBcm3BMtwuY9pwbzrpDHL4K/1+Maj4JQ==",
      "cpu": [
        "arm"
      ],
      "license": "Apache-2.0 OR MIT",
      "optional": true,
      "os": [
        "linux"
      ],
      "engines": {
        "node": ">= 10"
      }
    },
    "node_modules/@tauri-apps/cli-linux-arm64-gnu": {
      "version": "2.0.0-rc.18",
      "resolved": "https://registry.npmjs.org/@tauri-apps/cli-linux-arm64-gnu/-/cli-linux-arm64-gnu-2.0.0-rc.18.tgz",
      "integrity": "sha512-pti3FmMAJKArbr8FyoU8eFbcRHRcFRaD16crjNfXfGFGUGNXeMcrAAZptDpGZ9fPfMYBQYzUN/uKqHvrlrYFIw==",
      "cpu": [
        "arm64"
      ],
      "license": "Apache-2.0 OR MIT",
      "optional": true,
      "os": [
        "linux"
      ],
      "engines": {
        "node": ">= 10"
      }
    },
    "node_modules/@tauri-apps/cli-linux-arm64-musl": {
      "version": "2.0.0-rc.18",
      "resolved": "https://registry.npmjs.org/@tauri-apps/cli-linux-arm64-musl/-/cli-linux-arm64-musl-2.0.0-rc.18.tgz",
      "integrity": "sha512-1e+h543bXRnLLhUwhglnnH6eN4dgtbxKS48oHsBCpLEqLNrovHTHEd1xSZgUAEOh9J9hpIh6Bme7loCwOps9ZQ==",
      "cpu": [
        "arm64"
      ],
      "license": "Apache-2.0 OR MIT",
      "optional": true,
      "os": [
        "linux"
      ],
      "engines": {
        "node": ">= 10"
      }
    },
    "node_modules/@tauri-apps/cli-linux-x64-gnu": {
      "version": "2.0.0-rc.18",
      "resolved": "https://registry.npmjs.org/@tauri-apps/cli-linux-x64-gnu/-/cli-linux-x64-gnu-2.0.0-rc.18.tgz",
      "integrity": "sha512-5lwBuY06s5J1iCOZq+hM6spBhaGejkh8zn8HdVjnL0mqZ+cH/qbC1Uss6HO/gC1Q53JQFoYeam2P2/8UuNjlHQ==",
      "cpu": [
        "x64"
      ],
      "license": "Apache-2.0 OR MIT",
      "optional": true,
      "os": [
        "linux"
      ],
      "engines": {
        "node": ">= 10"
      }
    },
    "node_modules/@tauri-apps/cli-linux-x64-musl": {
      "version": "2.0.0-rc.18",
      "resolved": "https://registry.npmjs.org/@tauri-apps/cli-linux-x64-musl/-/cli-linux-x64-musl-2.0.0-rc.18.tgz",
      "integrity": "sha512-jtJ1EP6GhW258MKujampDbPWX+El26m8yGBzEcZxurrhFvN8d3QHgle4eT/cgqlVT+AZ9DVrhDwTfXilGjERZA==",
      "cpu": [
        "x64"
      ],
      "license": "Apache-2.0 OR MIT",
      "optional": true,
      "os": [
        "linux"
      ],
      "engines": {
        "node": ">= 10"
      }
    },
    "node_modules/@tauri-apps/cli-win32-arm64-msvc": {
      "version": "2.0.0-rc.18",
      "resolved": "https://registry.npmjs.org/@tauri-apps/cli-win32-arm64-msvc/-/cli-win32-arm64-msvc-2.0.0-rc.18.tgz",
      "integrity": "sha512-E9PSjWwvUnhnW/wjXti0UQgXDYLTUBKWtT2yOS2dXLspmvh1vwdRgZn/AjhjMM2HwZzhBW94Qys06mQAz6z2vg==",
      "cpu": [
        "arm64"
      ],
      "license": "Apache-2.0 OR MIT",
      "optional": true,
      "os": [
        "win32"
      ],
      "engines": {
        "node": ">= 10"
      }
    },
    "node_modules/@tauri-apps/cli-win32-ia32-msvc": {
      "version": "2.0.0-rc.18",
      "resolved": "https://registry.npmjs.org/@tauri-apps/cli-win32-ia32-msvc/-/cli-win32-ia32-msvc-2.0.0-rc.18.tgz",
      "integrity": "sha512-I+r88I/Dyqex7oV1NOtW3kxYoRegjxtQrQLILGsn6xcirTERnX0pPl1GYW5ooTxvs/H+qt4tuW5iL8Fp1lpmuQ==",
      "cpu": [
        "ia32"
      ],
      "license": "Apache-2.0 OR MIT",
      "optional": true,
      "os": [
        "win32"
      ],
      "engines": {
        "node": ">= 10"
      }
    },
    "node_modules/@tauri-apps/cli-win32-x64-msvc": {
      "version": "2.0.0-rc.18",
      "resolved": "https://registry.npmjs.org/@tauri-apps/cli-win32-x64-msvc/-/cli-win32-x64-msvc-2.0.0-rc.18.tgz",
      "integrity": "sha512-IEl0dDc10ln1rt2SGoNxKiYJIDS/fBsS1hTKT4cfZeeKCgHOqMqpdGq25RaVmkkk0UhW/9WeyjxIyFGO3ll4TA==",
      "cpu": [
        "x64"
      ],
      "license": "Apache-2.0 OR MIT",
      "optional": true,
      "os": [
        "win32"
      ],
      "engines": {
        "node": ">= 10"
      }
    }
  }
}
